// !$*UTF8*$!
{
	archiveVersion = 1;
	classes = {
	};
	objectVersion = 46;
	objects = {

/* Begin PBXBuildFile section */
		92ABDBBE1F768A840080A0F7 /* AppDelegate.swift in Sources */ = {isa = PBXBuildFile; fileRef = 92ABDBBD1F768A840080A0F7 /* AppDelegate.swift */; };
		92ABDBC01F768A840080A0F7 /* ViewController.swift in Sources */ = {isa = PBXBuildFile; fileRef = 92ABDBBF1F768A840080A0F7 /* ViewController.swift */; };
		92ABDBC31F768A840080A0F7 /* Main.storyboard in Resources */ = {isa = PBXBuildFile; fileRef = 92ABDBC11F768A840080A0F7 /* Main.storyboard */; };
		92ABDBC51F768A840080A0F7 /* Assets.xcassets in Resources */ = {isa = PBXBuildFile; fileRef = 92ABDBC41F768A840080A0F7 /* Assets.xcassets */; };
		92ABDBC81F768A840080A0F7 /* LaunchScreen.storyboard in Resources */ = {isa = PBXBuildFile; fileRef = 92ABDBC61F768A840080A0F7 /* LaunchScreen.storyboard */; };
		B8FE3E89E92137A33A838520 /* Pods_Hitch.framework in Frameworks */ = {isa = PBXBuildFile; fileRef = 78DC9CF195B7A3C7FCC2336C /* Pods_Hitch.framework */; };
/* End PBXBuildFile section */

/* Begin PBXFileReference section */
		39830823A389FFA16EA52C49 /* Pods-Hitch.release.xcconfig */ = {isa = PBXFileReference; includeInIndex = 1; lastKnownFileType = text.xcconfig; name = "Pods-Hitch.release.xcconfig"; path = "Pods/Target Support Files/Pods-Hitch/Pods-Hitch.release.xcconfig"; sourceTree = "<group>"; };
		78DC9CF195B7A3C7FCC2336C /* Pods_Hitch.framework */ = {isa = PBXFileReference; explicitFileType = wrapper.framework; includeInIndex = 0; path = Pods_Hitch.framework; sourceTree = BUILT_PRODUCTS_DIR; };
		92ABDBBA1F768A840080A0F7 /* Hitch.app */ = {isa = PBXFileReference; explicitFileType = wrapper.application; includeInIndex = 0; path = Hitch.app; sourceTree = BUILT_PRODUCTS_DIR; };
		92ABDBBD1F768A840080A0F7 /* AppDelegate.swift */ = {isa = PBXFileReference; lastKnownFileType = sourcecode.swift; path = AppDelegate.swift; sourceTree = "<group>"; };
		92ABDBBF1F768A840080A0F7 /* ViewController.swift */ = {isa = PBXFileReference; lastKnownFileType = sourcecode.swift; path = ViewController.swift; sourceTree = "<group>"; };
		92ABDBC21F768A840080A0F7 /* Base */ = {isa = PBXFileReference; lastKnownFileType = file.storyboard; name = Base; path = Base.lproj/Main.storyboard; sourceTree = "<group>"; };
		92ABDBC41F768A840080A0F7 /* Assets.xcassets */ = {isa = PBXFileReference; lastKnownFileType = folder.assetcatalog; path = Assets.xcassets; sourceTree = "<group>"; };
		92ABDBC71F768A840080A0F7 /* Base */ = {isa = PBXFileReference; lastKnownFileType = file.storyboard; name = Base; path = Base.lproj/LaunchScreen.storyboard; sourceTree = "<group>"; };
		92ABDBC91F768A840080A0F7 /* Info.plist */ = {isa = PBXFileReference; lastKnownFileType = text.plist.xml; path = Info.plist; sourceTree = "<group>"; };
		DA0DB4EB0659AC1E77AE0BD3 /* Pods-Hitch.debug.xcconfig */ = {isa = PBXFileReference; includeInIndex = 1; lastKnownFileType = text.xcconfig; name = "Pods-Hitch.debug.xcconfig"; path = "Pods/Target Support Files/Pods-Hitch/Pods-Hitch.debug.xcconfig"; sourceTree = "<group>"; };
/* End PBXFileReference section */

/* Begin PBXFrameworksBuildPhase section */
		92ABDBB71F768A840080A0F7 /* Frameworks */ = {
			isa = PBXFrameworksBuildPhase;
			buildActionMask = 2147483647;
			files = (
				B8FE3E89E92137A33A838520 /* Pods_Hitch.framework in Frameworks */,
			);
			runOnlyForDeploymentPostprocessing = 0;
		};
/* End PBXFrameworksBuildPhase section */

/* Begin PBXGroup section */
		159B2A3DF7747683851F617E /* Pods */ = {
			isa = PBXGroup;
			children = (
				DA0DB4EB0659AC1E77AE0BD3 /* Pods-Hitch.debug.xcconfig */,
				39830823A389FFA16EA52C49 /* Pods-Hitch.release.xcconfig */,
			);
			name = Pods;
			sourceTree = "<group>";
		};
		43A30AA026188801626C9920 /* Frameworks */ = {
			isa = PBXGroup;
			children = (
				78DC9CF195B7A3C7FCC2336C /* Pods_Hitch.framework */,
			);
			name = Frameworks;
			sourceTree = "<group>";
		};
		92ABDBB11F768A840080A0F7 = {
			isa = PBXGroup;
			children = (
				92ABDBBC1F768A840080A0F7 /* Hitch */,
				92ABDBBB1F768A840080A0F7 /* Products */,
				159B2A3DF7747683851F617E /* Pods */,
				43A30AA026188801626C9920 /* Frameworks */,
			);
			sourceTree = "<group>";
		};
		92ABDBBB1F768A840080A0F7 /* Products */ = {
			isa = PBXGroup;
			children = (
				92ABDBBA1F768A840080A0F7 /* Hitch.app */,
			);
			name = Products;
			sourceTree = "<group>";
		};
		92ABDBBC1F768A840080A0F7 /* Hitch */ = {
			isa = PBXGroup;
			children = (
				92ABDBBD1F768A840080A0F7 /* AppDelegate.swift */,
				92ABDBBF1F768A840080A0F7 /* ViewController.swift */,
				92ABDBC11F768A840080A0F7 /* Main.storyboard */,
				92ABDBC41F768A840080A0F7 /* Assets.xcassets */,
				92ABDBC61F768A840080A0F7 /* LaunchScreen.storyboard */,
				92ABDBC91F768A840080A0F7 /* Info.plist */,
			);
			path = Hitch;
			sourceTree = "<group>";
		};
/* End PBXGroup section */

/* Begin PBXNativeTarget section */
		92ABDBB91F768A840080A0F7 /* Hitch */ = {
			isa = PBXNativeTarget;
			buildConfigurationList = 92ABDBCC1F768A840080A0F7 /* Build configuration list for PBXNativeTarget "Hitch" */;
			buildPhases = (
				000ECBC51951D9D50F00DC12 /* [CP] Check Pods Manifest.lock */,
				92ABDBB61F768A840080A0F7 /* Sources */,
				92ABDBB71F768A840080A0F7 /* Frameworks */,
				92ABDBB81F768A840080A0F7 /* Resources */,
				1867E600EDE7CA9B561C5EF8 /* [CP] Embed Pods Frameworks */,
				B5F0D2DDB6E2C79671A20DC9 /* [CP] Copy Pods Resources */,
			);
			buildRules = (
			);
			dependencies = (
			);
			name = Hitch;
			productName = Hitch;
			productReference = 92ABDBBA1F768A840080A0F7 /* Hitch.app */;
			productType = "com.apple.product-type.application";
		};
/* End PBXNativeTarget section */

/* Begin PBXProject section */
		92ABDBB21F768A840080A0F7 /* Project object */ = {
			isa = PBXProject;
			attributes = {
				LastSwiftUpdateCheck = 0830;
				LastUpgradeCheck = 0830;
				ORGANIZATIONNAME = "Oron Ben Zvi";
				TargetAttributes = {
					92ABDBB91F768A840080A0F7 = {
						CreatedOnToolsVersion = 8.3.3;
						DevelopmentTeam = WZ8GG366SX;
						ProvisioningStyle = Automatic;
					};
				};
			};
			buildConfigurationList = 92ABDBB51F768A840080A0F7 /* Build configuration list for PBXProject "Hitch" */;
			compatibilityVersion = "Xcode 3.2";
			developmentRegion = English;
			hasScannedForEncodings = 0;
			knownRegions = (
				en,
				Base,
			);
			mainGroup = 92ABDBB11F768A840080A0F7;
			productRefGroup = 92ABDBBB1F768A840080A0F7 /* Products */;
			projectDirPath = "";
			projectRoot = "";
			targets = (
				92ABDBB91F768A840080A0F7 /* Hitch */,
			);
		};
/* End PBXProject section */

/* Begin PBXResourcesBuildPhase section */
		92ABDBB81F768A840080A0F7 /* Resources */ = {
			isa = PBXResourcesBuildPhase;
			buildActionMask = 2147483647;
			files = (
				92ABDBC81F768A840080A0F7 /* LaunchScreen.storyboard in Resources */,
				92ABDBC51F768A840080A0F7 /* Assets.xcassets in Resources */,
				92ABDBC31F768A840080A0F7 /* Main.storyboard in Resources */,
			);
			runOnlyForDeploymentPostprocessing = 0;
		};
/* End PBXResourcesBuildPhase section */

/* Begin PBXShellScriptBuildPhase section */
		000ECBC51951D9D50F00DC12 /* [CP] Check Pods Manifest.lock */ = {
			isa = PBXShellScriptBuildPhase;
			buildActionMask = 2147483647;
			files = (
			);
			inputPaths = (
				"${PODS_PODFILE_DIR_PATH}/Podfile.lock",
				"${PODS_ROOT}/Manifest.lock",
			);
			name = "[CP] Check Pods Manifest.lock";
			outputPaths = (
				"$(DERIVED_FILE_DIR)/Pods-Hitch-checkManifestLockResult.txt",
			);
			runOnlyForDeploymentPostprocessing = 0;
			shellPath = /bin/sh;
			shellScript = "diff \"${PODS_PODFILE_DIR_PATH}/Podfile.lock\" \"${PODS_ROOT}/Manifest.lock\" > /dev/null\nif [ $? != 0 ] ; then\n    # print error to STDERR\n    echo \"error: The sandbox is not in sync with the Podfile.lock. Run 'pod install' or update your CocoaPods installation.\" >&2\n    exit 1\nfi\n# This output is used by Xcode 'outputs' to avoid re-running this script phase.\necho \"SUCCESS\" > \"${SCRIPT_OUTPUT_FILE_0}\"\n";
			showEnvVarsInLog = 0;
		};
		1867E600EDE7CA9B561C5EF8 /* [CP] Embed Pods Frameworks */ = {
			isa = PBXShellScriptBuildPhase;
			buildActionMask = 2147483647;
			files = (
			);
			inputPaths = (
				"${SRCROOT}/Pods/Target Support Files/Pods-Hitch/Pods-Hitch-frameworks.sh",
				"${BUILT_PRODUCTS_DIR}/GTMSessionFetcher/GTMSessionFetcher.framework",
				"${BUILT_PRODUCTS_DIR}/GoogleToolboxForMac/GoogleToolboxForMac.framework",
				"${BUILT_PRODUCTS_DIR}/RevealingSplashView/RevealingSplashView.framework",
				"${BUILT_PRODUCTS_DIR}/leveldb-library/leveldb.framework",
				"${BUILT_PRODUCTS_DIR}/nanopb/nanopb.framework",
			);
			name = "[CP] Embed Pods Frameworks";
			outputPaths = (
				"${TARGET_BUILD_DIR}/${FRAMEWORKS_FOLDER_PATH}/GTMSessionFetcher.framework",
				"${TARGET_BUILD_DIR}/${FRAMEWORKS_FOLDER_PATH}/GoogleToolboxForMac.framework",
				"${TARGET_BUILD_DIR}/${FRAMEWORKS_FOLDER_PATH}/RevealingSplashView.framework",
				"${TARGET_BUILD_DIR}/${FRAMEWORKS_FOLDER_PATH}/leveldb.framework",
				"${TARGET_BUILD_DIR}/${FRAMEWORKS_FOLDER_PATH}/nanopb.framework",
			);
			runOnlyForDeploymentPostprocessing = 0;
			shellPath = /bin/sh;
			shellScript = "\"${SRCROOT}/Pods/Target Support Files/Pods-Hitch/Pods-Hitch-frameworks.sh\"\n";
			showEnvVarsInLog = 0;
		};
		B5F0D2DDB6E2C79671A20DC9 /* [CP] Copy Pods Resources */ = {
			isa = PBXShellScriptBuildPhase;
			buildActionMask = 2147483647;
			files = (
			);
			inputPaths = (
			);
			name = "[CP] Copy Pods Resources";
			outputPaths = (
			);
			runOnlyForDeploymentPostprocessing = 0;
			shellPath = /bin/sh;
			shellScript = "\"${SRCROOT}/Pods/Target Support Files/Pods-Hitch/Pods-Hitch-resources.sh\"\n";
			showEnvVarsInLog = 0;
		};
/* End PBXShellScriptBuildPhase section */

/* Begin PBXSourcesBuildPhase section */
		92ABDBB61F768A840080A0F7 /* Sources */ = {
			isa = PBXSourcesBuildPhase;
			buildActionMask = 2147483647;
			files = (
				92ABDBC01F768A840080A0F7 /* ViewController.swift in Sources */,
				92ABDBBE1F768A840080A0F7 /* AppDelegate.swift in Sources */,
			);
			runOnlyForDeploymentPostprocessing = 0;
		};
/* End PBXSourcesBuildPhase section */

/* Begin PBXVariantGroup section */
		92ABDBC11F768A840080A0F7 /* Main.storyboard */ = {
			isa = PBXVariantGroup;
			children = (
				92ABDBC21F768A840080A0F7 /* Base */,
			);
			name = Main.storyboard;
			sourceTree = "<group>";
		};
		92ABDBC61F768A840080A0F7 /* LaunchScreen.storyboard */ = {
			isa = PBXVariantGroup;
			children = (
				92ABDBC71F768A840080A0F7 /* Base */,
			);
			name = LaunchScreen.storyboard;
			sourceTree = "<group>";
		};
/* End PBXVariantGroup section */

/* Begin XCBuildConfiguration section */
		92ABDBCA1F768A840080A0F7 /* Debug */ = {
			isa = XCBuildConfiguration;
			buildSettings = {
				ALWAYS_SEARCH_USER_PATHS = NO;
				CLANG_ANALYZER_NONNULL = YES;
				CLANG_ANALYZER_NUMBER_OBJECT_CONVERSION = YES_AGGRESSIVE;
				CLANG_CXX_LANGUAGE_STANDARD = "gnu++0x";
				CLANG_CXX_LIBRARY = "libc++";
				CLANG_ENABLE_MODULES = YES;
				CLANG_ENABLE_OBJC_ARC = YES;
				CLANG_WARN_BOOL_CONVERSION = YES;
				CLANG_WARN_CONSTANT_CONVERSION = YES;
				CLANG_WARN_DIRECT_OBJC_ISA_USAGE = YES_ERROR;
				CLANG_WARN_DOCUMENTATION_COMMENTS = YES;
				CLANG_WARN_EMPTY_BODY = YES;
				CLANG_WARN_ENUM_CONVERSION = YES;
				CLANG_WARN_INFINITE_RECURSION = YES;
				CLANG_WARN_INT_CONVERSION = YES;
				CLANG_WARN_OBJC_ROOT_CLASS = YES_ERROR;
				CLANG_WARN_SUSPICIOUS_MOVE = YES;
				CLANG_WARN_UNREACHABLE_CODE = YES;
				CLANG_WARN__DUPLICATE_METHOD_MATCH = YES;
				"CODE_SIGN_IDENTITY[sdk=iphoneos*]" = "iPhone Developer";
				COPY_PHASE_STRIP = NO;
				DEBUG_INFORMATION_FORMAT = dwarf;
				ENABLE_STRICT_OBJC_MSGSEND = YES;
				ENABLE_TESTABILITY = YES;
				GCC_C_LANGUAGE_STANDARD = gnu99;
				GCC_DYNAMIC_NO_PIC = NO;
				GCC_NO_COMMON_BLOCKS = YES;
				GCC_OPTIMIZATION_LEVEL = 0;
				GCC_PREPROCESSOR_DEFINITIONS = (
					"DEBUG=1",
					"$(inherited)",
				);
				GCC_WARN_64_TO_32_BIT_CONVERSION = YES;
				GCC_WARN_ABOUT_RETURN_TYPE = YES_ERROR;
				GCC_WARN_UNDECLARED_SELECTOR = YES;
				GCC_WARN_UNINITIALIZED_AUTOS = YES_AGGRESSIVE;
				GCC_WARN_UNUSED_FUNCTION = YES;
				GCC_WARN_UNUSED_VARIABLE = YES;
				IPHONEOS_DEPLOYMENT_TARGET = 10.3;
				MTL_ENABLE_DEBUG_INFO = YES;
				ONLY_ACTIVE_ARCH = YES;
				SDKROOT = iphoneos;
				SWIFT_ACTIVE_COMPILATION_CONDITIONS = DEBUG;
				SWIFT_OPTIMIZATION_LEVEL = "-Onone";
				TARGETED_DEVICE_FAMILY = "1,2";
			};
			name = Debug;
		};
		92ABDBCB1F768A840080A0F7 /* Release */ = {
			isa = XCBuildConfiguration;
			buildSettings = {
				ALWAYS_SEARCH_USER_PATHS = NO;
				CLANG_ANALYZER_NONNULL = YES;
				CLANG_ANALYZER_NUMBER_OBJECT_CONVERSION = YES_AGGRESSIVE;
				CLANG_CXX_LANGUAGE_STANDARD = "gnu++0x";
				CLANG_CXX_LIBRARY = "libc++";
				CLANG_ENABLE_MODULES = YES;
				CLANG_ENABLE_OBJC_ARC = YES;
				CLANG_WARN_BOOL_CONVERSION = YES;
				CLANG_WARN_CONSTANT_CONVERSION = YES;
				CLANG_WARN_DIRECT_OBJC_ISA_USAGE = YES_ERROR;
				CLANG_WARN_DOCUMENTATION_COMMENTS = YES;
				CLANG_WARN_EMPTY_BODY = YES;
				CLANG_WARN_ENUM_CONVERSION = YES;
				CLANG_WARN_INFINITE_RECURSION = YES;
				CLANG_WARN_INT_CONVERSION = YES;
				CLANG_WARN_OBJC_ROOT_CLASS = YES_ERROR;
				CLANG_WARN_SUSPICIOUS_MOVE = YES;
				CLANG_WARN_UNREACHABLE_CODE = YES;
				CLANG_WARN__DUPLICATE_METHOD_MATCH = YES;
				"CODE_SIGN_IDENTITY[sdk=iphoneos*]" = "iPhone Developer";
				COPY_PHASE_STRIP = NO;
				DEBUG_INFORMATION_FORMAT = "dwarf-with-dsym";
				ENABLE_NS_ASSERTIONS = NO;
				ENABLE_STRICT_OBJC_MSGSEND = YES;
				GCC_C_LANGUAGE_STANDARD = gnu99;
				GCC_NO_COMMON_BLOCKS = YES;
				GCC_WARN_64_TO_32_BIT_CONVERSION = YES;
				GCC_WARN_ABOUT_RETURN_TYPE = YES_ERROR;
				GCC_WARN_UNDECLARED_SELECTOR = YES;
				GCC_WARN_UNINITIALIZED_AUTOS = YES_AGGRESSIVE;
				GCC_WARN_UNUSED_FUNCTION = YES;
				GCC_WARN_UNUSED_VARIABLE = YES;
				IPHONEOS_DEPLOYMENT_TARGET = 10.3;
				MTL_ENABLE_DEBUG_INFO = NO;
				SDKROOT = iphoneos;
				SWIFT_OPTIMIZATION_LEVEL = "-Owholemodule";
				TARGETED_DEVICE_FAMILY = "1,2";
				VALIDATE_PRODUCT = YES;
			};
			name = Release;
		};
		92ABDBCD1F768A840080A0F7 /* Debug */ = {
			isa = XCBuildConfiguration;
			baseConfigurationReference = DA0DB4EB0659AC1E77AE0BD3 /* Pods-Hitch.debug.xcconfig */;
			buildSettings = {
				ASSETCATALOG_COMPILER_APPICON_NAME = AppIcon;
				DEVELOPMENT_TEAM = WZ8GG366SX;
				INFOPLIST_FILE = Hitch/Info.plist;
				LD_RUNPATH_SEARCH_PATHS = "$(inherited) @executable_path/Frameworks";
				PRODUCT_BUNDLE_IDENTIFIER = bz.oron.Hitch;
				PRODUCT_NAME = "$(TARGET_NAME)";
				SWIFT_VERSION = 3.0;
			};
			name = Debug;
		};
		92ABDBCE1F768A840080A0F7 /* Release */ = {
			isa = XCBuildConfiguration;
			baseConfigurationReference = 39830823A389FFA16EA52C49 /* Pods-Hitch.release.xcconfig */;
			buildSettings = {
				ASSETCATALOG_COMPILER_APPICON_NAME = AppIcon;
				DEVELOPMENT_TEAM = WZ8GG366SX;
				INFOPLIST_FILE = Hitch/Info.plist;
				LD_RUNPATH_SEARCH_PATHS = "$(inherited) @executable_path/Frameworks";
				PRODUCT_BUNDLE_IDENTIFIER = bz.oron.Hitch;
				PRODUCT_NAME = "$(TARGET_NAME)";
				SWIFT_VERSION = 3.0;
			};
			name = Release;
		};
/* End XCBuildConfiguration section */

/* Begin XCConfigurationList section */
		92ABDBB51F768A840080A0F7 /* Build configuration list for PBXProject "Hitch" */ = {
			isa = XCConfigurationList;
			buildConfigurations = (
				92ABDBCA1F768A840080A0F7 /* Debug */,
				92ABDBCB1F768A840080A0F7 /* Release */,
			);
			defaultConfigurationIsVisible = 0;
			defaultConfigurationName = Release;
		};
		92ABDBCC1F768A840080A0F7 /* Build configuration list for PBXNativeTarget "Hitch" */ = {
			isa = XCConfigurationList;
			buildConfigurations = (
				92ABDBCD1F768A840080A0F7 /* Debug */,
				92ABDBCE1F768A840080A0F7 /* Release */,
			);
			defaultConfigurationIsVisible = 0;
		};
/* End XCConfigurationList section */
	};
	rootObject = 92ABDBB21F768A840080A0F7 /* Project object */;
}
